
Microsoft Visual Studio Solution File, Format Version 12.00
# Visual Studio Version 16
VisualStudioVersion = 16.0.32106.194
MinimumVisualStudioVersion = 10.0.40219.1
Project("{FAE04EC0-301F-11D3-BF4B-00C04F79EFBC}") = "GitHubMonitorApp", "GitHubMonitorApp\GitHubMonitorApp.csproj", "{D310C6D5-DF86-45F8-82B8-B369E3EC13FB}"
EndProject
Global
	GlobalSection(SolutionConfigurationPlatforms) = preSolution
		Debug|Any CPU = Debug|Any CPU
		Release|Any CPU = Release|Any CPU
	EndGlobalSection
	GlobalSection(ProjectConfigurationPlatforms) = postSolution
		{D310C6D5-DF86-45F8-82B8-B369E3EC13FB}.Debug|Any CPU.ActiveCfg = Debug|Any CPU
		{D310C6D5-DF86-45F8-82B8-B369E3EC13FB}.Debug|Any CPU.Build.0 = Debug|Any CPU
		{D310C6D5-DF86-45F8-82B8-B369E3EC13FB}.Release|Any CPU.ActiveCfg = Release|Any CPU
		{D310C6D5-DF86-45F8-82B8-B369E3EC13FB}.Release|Any CPU.Build.0 = Release|Any CPU
	EndGlobalSection
	GlobalSection(SolutionProperties) = preSolution
		HideSolutionNode = FALSE
	EndGlobalSection
	GlobalSection(ExtensibilityGlobals) = postSolution
		SolutionGuid = {B052D5B0-20F1-43A5-9890-5D7018581095}
	EndGlobalSection
EndGlobal
